// !$*UTF8*$!
{
	archiveVersion = 1;
	classes = {
	};
	objectVersion = 51;
	objects = {

/* Begin PBXBuildFile section */
		116070312B9DC627DF63F021 /* DayPresenter.swift in Sources */ = {isa = PBXBuildFile; fileRef = 18DD3E2F2508AC461AC15792 /* DayPresenter.swift */; };
		1C4E984480C0D897F4F94B90 /* DayViewModel.swift in Sources */ = {isa = PBXBuildFile; fileRef = 65AD464C078596D8A27F236F /* DayViewModel.swift */; };
		287DE515E57EF61B2ADFFFE9 /* CalendarInteractor.swift in Sources */ = {isa = PBXBuildFile; fileRef = F07D1D1D21DA43F43DCB9C8A /* CalendarInteractor.swift */; };
		29B3E16D231A273BF253DC88 /* DayVC.swift in Sources */ = {isa = PBXBuildFile; fileRef = 6C924FCEFDA8C17C7109673F /* DayVC.swift */; };
		93083D70536FBBC364FE0456 /* Pods_Today.framework in Frameworks */ = {isa = PBXBuildFile; fileRef = D7542CDBD09FE249B609E6EE /* Pods_Today.framework */; };
		9AA0CFB75BA5C9C76ABFFAC1 /* CalendarVC.swift in Sources */ = {isa = PBXBuildFile; fileRef = 03ED53F74F0ACDEA03466449 /* CalendarVC.swift */; };
		A15C3A786FF007DF83EC1BD9 /* CalendarViewModel.swift in Sources */ = {isa = PBXBuildFile; fileRef = 39C5AF82AAAD93FF0DFC1DC1 /* CalendarViewModel.swift */; };
		B111D16E713088B3D2457F2B /* CalendarAssembler.swift in Sources */ = {isa = PBXBuildFile; fileRef = 1FB9F1F06972F051A4E954C2 /* CalendarAssembler.swift */; };
		BC02BAA8295E85BF45076C6A /* DayInteractor.swift in Sources */ = {isa = PBXBuildFile; fileRef = 3D50644FCF28F629E3C5E5CC /* DayInteractor.swift */; };
		C72930877D2308C5E95F6CD7 /* CalendarPresenter.swift in Sources */ = {isa = PBXBuildFile; fileRef = 543A2C1ECAE4B95EE6F29417 /* CalendarPresenter.swift */; };
		CE0B74F42562F700008DA000 /* Matters.xcdatamodeld in Sources */ = {isa = PBXBuildFile; fileRef = CE0B74F22562F700008DA000 /* Matters.xcdatamodeld */; };
		CE0B74F82563BDB9008DA000 /* Matter.swift in Sources */ = {isa = PBXBuildFile; fileRef = CE0B74F72563BDB9008DA000 /* Matter.swift */; };
		CE0B74FE25641330008DA000 /* CloudKit.framework in Frameworks */ = {isa = PBXBuildFile; fileRef = CE0B74FD25641330008DA000 /* CloudKit.framework */; };
		CE0B750225645866008DA000 /* UIScrollView+KeyboardAppearance.swift in Sources */ = {isa = PBXBuildFile; fileRef = CE0B750125645866008DA000 /* UIScrollView+KeyboardAppearance.swift */; };
		CE680233255B580D00A21A72 /* R.generated.swift in Sources */ = {isa = PBXBuildFile; fileRef = CE680232255B580D00A21A72 /* R.generated.swift */; };
		CE680237255B584F00A21A72 /* R Typealias.swift in Sources */ = {isa = PBXBuildFile; fileRef = CE680236255B584F00A21A72 /* R Typealias.swift */; };
		CE68024E255B5E3200A21A72 /* MatterView.swift in Sources */ = {isa = PBXBuildFile; fileRef = CE68024D255B5E3200A21A72 /* MatterView.swift */; };
		CE680296255D59A700A21A72 /* TodayTests.swift in Sources */ = {isa = PBXBuildFile; fileRef = CE680295255D59A700A21A72 /* TodayTests.swift */; };
		CE97138A255B01A900C8BBDD /* AppDelegate.swift in Sources */ = {isa = PBXBuildFile; fileRef = CE971389255B01A900C8BBDD /* AppDelegate.swift */; };
		CE97138C255B01A900C8BBDD /* SceneDelegate.swift in Sources */ = {isa = PBXBuildFile; fileRef = CE97138B255B01A900C8BBDD /* SceneDelegate.swift */; };
		CE971393255B01AA00C8BBDD /* Assets.xcassets in Resources */ = {isa = PBXBuildFile; fileRef = CE971392255B01AA00C8BBDD /* Assets.xcassets */; };
		CE971396255B01AA00C8BBDD /* LaunchScreen.storyboard in Resources */ = {isa = PBXBuildFile; fileRef = CE971394255B01AA00C8BBDD /* LaunchScreen.storyboard */; };
		CE9713A6255B206C00C8BBDD /* AppLoader.swift in Sources */ = {isa = PBXBuildFile; fileRef = CE9713A5255B206C00C8BBDD /* AppLoader.swift */; };
		CE9713B1255B40ED00C8BBDD /* Colors.xcassets in Resources */ = {isa = PBXBuildFile; fileRef = CE9713B0255B40ED00C8BBDD /* Colors.xcassets */; };
		CE9713B6255B45E100C8BBDD /* CheckBox.swift in Sources */ = {isa = PBXBuildFile; fileRef = CE9713B5255B45E100C8BBDD /* CheckBox.swift */; };
		CE9713BF255B4E3100C8BBDD /* Module.swift in Sources */ = {isa = PBXBuildFile; fileRef = CE9713BE255B4E3100C8BBDD /* Module.swift */; };
		CE9713C2255B4EDC00C8BBDD /* AppCoordinator.swift in Sources */ = {isa = PBXBuildFile; fileRef = CE9713C1255B4EDC00C8BBDD /* AppCoordinator.swift */; };
		CE9713CE255B4F6B00C8BBDD /* UIFont+StaticFonts.swift in Sources */ = {isa = PBXBuildFile; fileRef = CE9713C9255B4F6A00C8BBDD /* UIFont+StaticFonts.swift */; };
		CE9713CF255B4F6B00C8BBDD /* UIButton+Background.swift in Sources */ = {isa = PBXBuildFile; fileRef = CE9713CA255B4F6A00C8BBDD /* UIButton+Background.swift */; };
		CE9713D0255B4F6B00C8BBDD /* UIEdgeInsets+HV.swift in Sources */ = {isa = PBXBuildFile; fileRef = CE9713CB255B4F6B00C8BBDD /* UIEdgeInsets+HV.swift */; };
		CE9713D1255B4F6B00C8BBDD /* UIColor+HEX.swift in Sources */ = {isa = PBXBuildFile; fileRef = CE9713CC255B4F6B00C8BBDD /* UIColor+HEX.swift */; };
		CE9713D2255B4F6B00C8BBDD /* UIImage+Color.swift in Sources */ = {isa = PBXBuildFile; fileRef = CE9713CD255B4F6B00C8BBDD /* UIImage+Color.swift */; };
		CE9713D9255B4FD500C8BBDD /* UIView+ShimmerSubviews.swift in Sources */ = {isa = PBXBuildFile; fileRef = CE9713D4255B4FD500C8BBDD /* UIView+ShimmerSubviews.swift */; };
		CE9713DA255B4FD500C8BBDD /* UIView+FirstResponder.swift in Sources */ = {isa = PBXBuildFile; fileRef = CE9713D5255B4FD500C8BBDD /* UIView+FirstResponder.swift */; };
		CE9713DB255B4FD500C8BBDD /* UITableView.swift in Sources */ = {isa = PBXBuildFile; fileRef = CE9713D6255B4FD500C8BBDD /* UITableView.swift */; };
		CE9713DC255B4FD500C8BBDD /* UICollectionView.swift in Sources */ = {isa = PBXBuildFile; fileRef = CE9713D7255B4FD500C8BBDD /* UICollectionView.swift */; };
		CE9713DD255B4FD500C8BBDD /* UIView+EasyLayout.swift in Sources */ = {isa = PBXBuildFile; fileRef = CE9713D8255B4FD500C8BBDD /* UIView+EasyLayout.swift */; };
		CE9713E3255B501800C8BBDD /* Codable.swift in Sources */ = {isa = PBXBuildFile; fileRef = CE9713DF255B501800C8BBDD /* Codable.swift */; };
		CE9713E4255B501800C8BBDD /* Collection.swift in Sources */ = {isa = PBXBuildFile; fileRef = CE9713E0255B501800C8BBDD /* Collection.swift */; };
		CE9713E5255B501800C8BBDD /* Date.swift in Sources */ = {isa = PBXBuildFile; fileRef = CE9713E1255B501800C8BBDD /* Date.swift */; };
		CE9713E6255B501800C8BBDD /* DateFormatter.swift in Sources */ = {isa = PBXBuildFile; fileRef = CE9713E2255B501800C8BBDD /* DateFormatter.swift */; };
		CE9713E9255B503E00C8BBDD /* CollectionCell.swift in Sources */ = {isa = PBXBuildFile; fileRef = CE9713E8255B503E00C8BBDD /* CollectionCell.swift */; };
		CE9713EC255B504700C8BBDD /* TableCell.swift in Sources */ = {isa = PBXBuildFile; fileRef = CE9713EB255B504700C8BBDD /* TableCell.swift */; };
		CE9713EF255B51F600C8BBDD /* NSObject+ClassName.swift in Sources */ = {isa = PBXBuildFile; fileRef = CE9713EE255B51F600C8BBDD /* NSObject+ClassName.swift */; };
		CE9713F2255B522500C8BBDD /* ShimmeringView.swift in Sources */ = {isa = PBXBuildFile; fileRef = CE9713F1255B522500C8BBDD /* ShimmeringView.swift */; };
		CEC3BED22566ACF600032E18 /* UITableView+Diffable.swift in Sources */ = {isa = PBXBuildFile; fileRef = CEC3BED12566ACF600032E18 /* UITableView+Diffable.swift */; };
		CEC3BED62566AD0100032E18 /* Diffable.swift in Sources */ = {isa = PBXBuildFile; fileRef = CEC3BED52566AD0100032E18 /* Diffable.swift */; };
		D18D89133F84DC7261FADE04 /* DayAssembler.swift in Sources */ = {isa = PBXBuildFile; fileRef = 9718F3D26D21B228814EE1BD /* DayAssembler.swift */; };
/* End PBXBuildFile section */

/* Begin PBXContainerItemProxy section */
		CE680298255D59A700A21A72 /* PBXContainerItemProxy */ = {
			isa = PBXContainerItemProxy;
			containerPortal = CE97137E255B01A900C8BBDD /* Project object */;
			proxyType = 1;
			remoteGlobalIDString = CE971385255B01A900C8BBDD;
			remoteInfo = Today;
		};
/* End PBXContainerItemProxy section */

/* Begin PBXFileReference section */
		03ED53F74F0ACDEA03466449 /* CalendarVC.swift */ = {isa = PBXFileReference; includeInIndex = 1; lastKnownFileType = sourcecode.swift; path = CalendarVC.swift; sourceTree = "<group>"; };
		18DD3E2F2508AC461AC15792 /* DayPresenter.swift */ = {isa = PBXFileReference; includeInIndex = 1; lastKnownFileType = sourcecode.swift; path = DayPresenter.swift; sourceTree = "<group>"; };
		1FB9F1F06972F051A4E954C2 /* CalendarAssembler.swift */ = {isa = PBXFileReference; includeInIndex = 1; lastKnownFileType = sourcecode.swift; path = CalendarAssembler.swift; sourceTree = "<group>"; };
		39C5AF82AAAD93FF0DFC1DC1 /* CalendarViewModel.swift */ = {isa = PBXFileReference; includeInIndex = 1; lastKnownFileType = sourcecode.swift; path = CalendarViewModel.swift; sourceTree = "<group>"; };
		3D50644FCF28F629E3C5E5CC /* DayInteractor.swift */ = {isa = PBXFileReference; includeInIndex = 1; lastKnownFileType = sourcecode.swift; path = DayInteractor.swift; sourceTree = "<group>"; };
		418DD5A9C2E03DBA3F8CE6C7 /* Pods-Today.release.xcconfig */ = {isa = PBXFileReference; includeInIndex = 1; lastKnownFileType = text.xcconfig; name = "Pods-Today.release.xcconfig"; path = "Target Support Files/Pods-Today/Pods-Today.release.xcconfig"; sourceTree = "<group>"; };
		543A2C1ECAE4B95EE6F29417 /* CalendarPresenter.swift */ = {isa = PBXFileReference; includeInIndex = 1; lastKnownFileType = sourcecode.swift; path = CalendarPresenter.swift; sourceTree = "<group>"; };
		65AD464C078596D8A27F236F /* DayViewModel.swift */ = {isa = PBXFileReference; includeInIndex = 1; lastKnownFileType = sourcecode.swift; path = DayViewModel.swift; sourceTree = "<group>"; };
		6C924FCEFDA8C17C7109673F /* DayVC.swift */ = {isa = PBXFileReference; includeInIndex = 1; lastKnownFileType = sourcecode.swift; path = DayVC.swift; sourceTree = "<group>"; };
		9718F3D26D21B228814EE1BD /* DayAssembler.swift */ = {isa = PBXFileReference; includeInIndex = 1; lastKnownFileType = sourcecode.swift; path = DayAssembler.swift; sourceTree = "<group>"; };
		A558BA78C13E3A4A75DBD0A9 /* Pods-Today.debug.xcconfig */ = {isa = PBXFileReference; includeInIndex = 1; lastKnownFileType = text.xcconfig; name = "Pods-Today.debug.xcconfig"; path = "Target Support Files/Pods-Today/Pods-Today.debug.xcconfig"; sourceTree = "<group>"; };
		CE0B74F32562F700008DA000 /* Matters.xcdatamodel */ = {isa = PBXFileReference; lastKnownFileType = wrapper.xcdatamodel; path = Matters.xcdatamodel; sourceTree = "<group>"; };
		CE0B74F72563BDB9008DA000 /* Matter.swift */ = {isa = PBXFileReference; lastKnownFileType = sourcecode.swift; path = Matter.swift; sourceTree = "<group>"; };
		CE0B74FD25641330008DA000 /* CloudKit.framework */ = {isa = PBXFileReference; lastKnownFileType = wrapper.framework; name = CloudKit.framework; path = System/Library/Frameworks/CloudKit.framework; sourceTree = SDKROOT; };
		CE0B750125645866008DA000 /* UIScrollView+KeyboardAppearance.swift */ = {isa = PBXFileReference; fileEncoding = 4; lastKnownFileType = sourcecode.swift; path = "UIScrollView+KeyboardAppearance.swift"; sourceTree = "<group>"; };
		CE680232255B580D00A21A72 /* R.generated.swift */ = {isa = PBXFileReference; fileEncoding = 4; lastKnownFileType = sourcecode.swift; path = R.generated.swift; sourceTree = SOURCE_ROOT; };
		CE680236255B584F00A21A72 /* R Typealias.swift */ = {isa = PBXFileReference; lastKnownFileType = sourcecode.swift; path = "R Typealias.swift"; sourceTree = "<group>"; };
		CE68024D255B5E3200A21A72 /* MatterView.swift */ = {isa = PBXFileReference; lastKnownFileType = sourcecode.swift; path = MatterView.swift; sourceTree = "<group>"; };
		CE680293255D59A600A21A72 /* TodayTests.xctest */ = {isa = PBXFileReference; explicitFileType = wrapper.cfbundle; includeInIndex = 0; path = TodayTests.xctest; sourceTree = BUILT_PRODUCTS_DIR; };
		CE680295255D59A700A21A72 /* TodayTests.swift */ = {isa = PBXFileReference; lastKnownFileType = sourcecode.swift; path = TodayTests.swift; sourceTree = "<group>"; };
		CE680297255D59A700A21A72 /* Info.plist */ = {isa = PBXFileReference; lastKnownFileType = text.plist.xml; path = Info.plist; sourceTree = "<group>"; };
		CE971386255B01A900C8BBDD /* Today.app */ = {isa = PBXFileReference; explicitFileType = wrapper.application; includeInIndex = 0; path = Today.app; sourceTree = BUILT_PRODUCTS_DIR; };
		CE971389255B01A900C8BBDD /* AppDelegate.swift */ = {isa = PBXFileReference; lastKnownFileType = sourcecode.swift; path = AppDelegate.swift; sourceTree = "<group>"; };
		CE97138B255B01A900C8BBDD /* SceneDelegate.swift */ = {isa = PBXFileReference; lastKnownFileType = sourcecode.swift; path = SceneDelegate.swift; sourceTree = "<group>"; };
		CE971392255B01AA00C8BBDD /* Assets.xcassets */ = {isa = PBXFileReference; lastKnownFileType = folder.assetcatalog; path = Assets.xcassets; sourceTree = "<group>"; };
		CE971395255B01AA00C8BBDD /* Base */ = {isa = PBXFileReference; lastKnownFileType = file.storyboard; name = Base; path = Base.lproj/LaunchScreen.storyboard; sourceTree = "<group>"; };
		CE971397255B01AA00C8BBDD /* Info.plist */ = {isa = PBXFileReference; lastKnownFileType = text.plist.xml; path = Info.plist; sourceTree = "<group>"; };
		CE9713A3255B1F8B00C8BBDD /* Today.entitlements */ = {isa = PBXFileReference; lastKnownFileType = text.plist.entitlements; path = Today.entitlements; sourceTree = "<group>"; };
		CE9713A5255B206C00C8BBDD /* AppLoader.swift */ = {isa = PBXFileReference; fileEncoding = 4; lastKnownFileType = sourcecode.swift; path = AppLoader.swift; sourceTree = "<group>"; };
		CE9713B0255B40ED00C8BBDD /* Colors.xcassets */ = {isa = PBXFileReference; lastKnownFileType = folder.assetcatalog; path = Colors.xcassets; sourceTree = "<group>"; };
		CE9713B5255B45E100C8BBDD /* CheckBox.swift */ = {isa = PBXFileReference; lastKnownFileType = sourcecode.swift; path = CheckBox.swift; sourceTree = "<group>"; };
		CE9713BE255B4E3100C8BBDD /* Module.swift */ = {isa = PBXFileReference; fileEncoding = 4; lastKnownFileType = sourcecode.swift; path = Module.swift; sourceTree = "<group>"; };
		CE9713C1255B4EDC00C8BBDD /* AppCoordinator.swift */ = {isa = PBXFileReference; fileEncoding = 4; lastKnownFileType = sourcecode.swift; path = AppCoordinator.swift; sourceTree = "<group>"; };
		CE9713C9255B4F6A00C8BBDD /* UIFont+StaticFonts.swift */ = {isa = PBXFileReference; fileEncoding = 4; lastKnownFileType = sourcecode.swift; path = "UIFont+StaticFonts.swift"; sourceTree = "<group>"; };
		CE9713CA255B4F6A00C8BBDD /* UIButton+Background.swift */ = {isa = PBXFileReference; fileEncoding = 4; lastKnownFileType = sourcecode.swift; path = "UIButton+Background.swift"; sourceTree = "<group>"; };
		CE9713CB255B4F6B00C8BBDD /* UIEdgeInsets+HV.swift */ = {isa = PBXFileReference; fileEncoding = 4; lastKnownFileType = sourcecode.swift; path = "UIEdgeInsets+HV.swift"; sourceTree = "<group>"; };
		CE9713CC255B4F6B00C8BBDD /* UIColor+HEX.swift */ = {isa = PBXFileReference; fileEncoding = 4; lastKnownFileType = sourcecode.swift; path = "UIColor+HEX.swift"; sourceTree = "<group>"; };
		CE9713CD255B4F6B00C8BBDD /* UIImage+Color.swift */ = {isa = PBXFileReference; fileEncoding = 4; lastKnownFileType = sourcecode.swift; path = "UIImage+Color.swift"; sourceTree = "<group>"; };
		CE9713D4255B4FD500C8BBDD /* UIView+ShimmerSubviews.swift */ = {isa = PBXFileReference; fileEncoding = 4; lastKnownFileType = sourcecode.swift; path = "UIView+ShimmerSubviews.swift"; sourceTree = "<group>"; };
		CE9713D5255B4FD500C8BBDD /* UIView+FirstResponder.swift */ = {isa = PBXFileReference; fileEncoding = 4; lastKnownFileType = sourcecode.swift; path = "UIView+FirstResponder.swift"; sourceTree = "<group>"; };
		CE9713D6255B4FD500C8BBDD /* UITableView.swift */ = {isa = PBXFileReference; fileEncoding = 4; lastKnownFileType = sourcecode.swift; path = UITableView.swift; sourceTree = "<group>"; };
		CE9713D7255B4FD500C8BBDD /* UICollectionView.swift */ = {isa = PBXFileReference; fileEncoding = 4; lastKnownFileType = sourcecode.swift; path = UICollectionView.swift; sourceTree = "<group>"; };
		CE9713D8255B4FD500C8BBDD /* UIView+EasyLayout.swift */ = {isa = PBXFileReference; fileEncoding = 4; lastKnownFileType = sourcecode.swift; path = "UIView+EasyLayout.swift"; sourceTree = "<group>"; };
		CE9713DF255B501800C8BBDD /* Codable.swift */ = {isa = PBXFileReference; fileEncoding = 4; lastKnownFileType = sourcecode.swift; path = Codable.swift; sourceTree = "<group>"; };
		CE9713E0255B501800C8BBDD /* Collection.swift */ = {isa = PBXFileReference; fileEncoding = 4; lastKnownFileType = sourcecode.swift; path = Collection.swift; sourceTree = "<group>"; };
		CE9713E1255B501800C8BBDD /* Date.swift */ = {isa = PBXFileReference; fileEncoding = 4; lastKnownFileType = sourcecode.swift; path = Date.swift; sourceTree = "<group>"; };
		CE9713E2255B501800C8BBDD /* DateFormatter.swift */ = {isa = PBXFileReference; fileEncoding = 4; lastKnownFileType = sourcecode.swift; path = DateFormatter.swift; sourceTree = "<group>"; };
		CE9713E8255B503E00C8BBDD /* CollectionCell.swift */ = {isa = PBXFileReference; fileEncoding = 4; lastKnownFileType = sourcecode.swift; path = CollectionCell.swift; sourceTree = "<group>"; };
		CE9713EB255B504700C8BBDD /* TableCell.swift */ = {isa = PBXFileReference; fileEncoding = 4; lastKnownFileType = sourcecode.swift; path = TableCell.swift; sourceTree = "<group>"; };
		CE9713EE255B51F600C8BBDD /* NSObject+ClassName.swift */ = {isa = PBXFileReference; fileEncoding = 4; lastKnownFileType = sourcecode.swift; path = "NSObject+ClassName.swift"; sourceTree = "<group>"; };
		CE9713F1255B522500C8BBDD /* ShimmeringView.swift */ = {isa = PBXFileReference; fileEncoding = 4; lastKnownFileType = sourcecode.swift; path = ShimmeringView.swift; sourceTree = "<group>"; };
		CEC3BED12566ACF600032E18 /* UITableView+Diffable.swift */ = {isa = PBXFileReference; fileEncoding = 4; lastKnownFileType = sourcecode.swift; path = "UITableView+Diffable.swift"; sourceTree = "<group>"; };
		CEC3BED52566AD0100032E18 /* Diffable.swift */ = {isa = PBXFileReference; fileEncoding = 4; lastKnownFileType = sourcecode.swift; path = Diffable.swift; sourceTree = "<group>"; };
		D7542CDBD09FE249B609E6EE /* Pods_Today.framework */ = {isa = PBXFileReference; explicitFileType = wrapper.framework; includeInIndex = 0; path = Pods_Today.framework; sourceTree = BUILT_PRODUCTS_DIR; };
		F07D1D1D21DA43F43DCB9C8A /* CalendarInteractor.swift */ = {isa = PBXFileReference; includeInIndex = 1; lastKnownFileType = sourcecode.swift; path = CalendarInteractor.swift; sourceTree = "<group>"; };
/* End PBXFileReference section */

/* Begin PBXFrameworksBuildPhase section */
		CE680290255D59A600A21A72 /* Frameworks */ = {
			isa = PBXFrameworksBuildPhase;
			buildActionMask = 2147483647;
			files = (
			);
			runOnlyForDeploymentPostprocessing = 0;
		};
		CE971383255B01A900C8BBDD /* Frameworks */ = {
			isa = PBXFrameworksBuildPhase;
			buildActionMask = 2147483647;
			files = (
				93083D70536FBBC364FE0456 /* Pods_Today.framework in Frameworks */,
				CE0B74FE25641330008DA000 /* CloudKit.framework in Frameworks */,
			);
			runOnlyForDeploymentPostprocessing = 0;
		};
/* End PBXFrameworksBuildPhase section */

/* Begin PBXGroup section */
		37BCF2510638F6A977C6A2F5 /* Pods */ = {
			isa = PBXGroup;
			children = (
				A558BA78C13E3A4A75DBD0A9 /* Pods-Today.debug.xcconfig */,
				418DD5A9C2E03DBA3F8CE6C7 /* Pods-Today.release.xcconfig */,
			);
			path = Pods;
			sourceTree = "<group>";
		};
		6E977EEDB2E32B654B213B8F /* Calendar */ = {
			isa = PBXGroup;
			children = (
				1FB9F1F06972F051A4E954C2 /* CalendarAssembler.swift */,
				F07D1D1D21DA43F43DCB9C8A /* CalendarInteractor.swift */,
				543A2C1ECAE4B95EE6F29417 /* CalendarPresenter.swift */,
				03ED53F74F0ACDEA03466449 /* CalendarVC.swift */,
				39C5AF82AAAD93FF0DFC1DC1 /* CalendarViewModel.swift */,
			);
			path = Calendar;
			sourceTree = "<group>";
		};
		9EEFFB74579607BC3CE1CEBE /* Day */ = {
			isa = PBXGroup;
			children = (
				CE68024C255B5E0300A21A72 /* Views */,
				9718F3D26D21B228814EE1BD /* DayAssembler.swift */,
				3D50644FCF28F629E3C5E5CC /* DayInteractor.swift */,
				18DD3E2F2508AC461AC15792 /* DayPresenter.swift */,
				6C924FCEFDA8C17C7109673F /* DayVC.swift */,
				65AD464C078596D8A27F236F /* DayViewModel.swift */,
			);
			path = Day;
			sourceTree = "<group>";
		};
		A177525F654B0B019B59441A /* Frameworks */ = {
			isa = PBXGroup;
			children = (
				CE0B74FD25641330008DA000 /* CloudKit.framework */,
				D7542CDBD09FE249B609E6EE /* Pods_Today.framework */,
			);
			name = Frameworks;
			sourceTree = "<group>";
		};
		CE0B74F12562F50A008DA000 /* CoreData */ = {
			isa = PBXGroup;
			children = (
				CE0B74F22562F700008DA000 /* Matters.xcdatamodeld */,
				CE0B74F72563BDB9008DA000 /* Matter.swift */,
			);
			path = CoreData;
			sourceTree = "<group>";
		};
		CE68024C255B5E0300A21A72 /* Views */ = {
			isa = PBXGroup;
			children = (
				CE68024D255B5E3200A21A72 /* MatterView.swift */,
			);
			path = Views;
			sourceTree = "<group>";
		};
		CE680294255D59A700A21A72 /* TodayTests */ = {
			isa = PBXGroup;
			children = (
				CE680295255D59A700A21A72 /* TodayTests.swift */,
				CE680297255D59A700A21A72 /* Info.plist */,
			);
			path = TodayTests;
			sourceTree = "<group>";
		};
		CE97137D255B01A900C8BBDD = {
			isa = PBXGroup;
			children = (
				CE0B74F12562F50A008DA000 /* CoreData */,
				CE971388255B01A900C8BBDD /* Today */,
				CE9713C5255B4EFB00C8BBDD /* Extensions */,
				CE9713AF255B40B300C8BBDD /* Resources */,
				CE680294255D59A700A21A72 /* TodayTests */,
				CE971387255B01A900C8BBDD /* Products */,
				37BCF2510638F6A977C6A2F5 /* Pods */,
				A177525F654B0B019B59441A /* Frameworks */,
			);
			sourceTree = "<group>";
		};
		CE971387255B01A900C8BBDD /* Products */ = {
			isa = PBXGroup;
			children = (
				CE971386255B01A900C8BBDD /* Today.app */,
				CE680293255D59A600A21A72 /* TodayTests.xctest */,
			);
			name = Products;
			sourceTree = "<group>";
		};
		CE971388255B01A900C8BBDD /* Today */ = {
			isa = PBXGroup;
			children = (
				CE9713A3255B1F8B00C8BBDD /* Today.entitlements */,
				CE9713BD255B4E2800C8BBDD /* Core */,
				CE9713B4255B45C000C8BBDD /* Views */,
				CE9713BB255B482F00C8BBDD /* Modules */,
			);
			path = Today;
			sourceTree = "<group>";
		};
		CE9713AF255B40B300C8BBDD /* Resources */ = {
			isa = PBXGroup;
			children = (
				CE971397255B01AA00C8BBDD /* Info.plist */,
				CE680232255B580D00A21A72 /* R.generated.swift */,
				CE971392255B01AA00C8BBDD /* Assets.xcassets */,
				CE9713B0255B40ED00C8BBDD /* Colors.xcassets */,
				CE971394255B01AA00C8BBDD /* LaunchScreen.storyboard */,
			);
			path = Resources;
			sourceTree = "<group>";
		};
		CE9713B4255B45C000C8BBDD /* Views */ = {
			isa = PBXGroup;
			children = (
				CE9713B5255B45E100C8BBDD /* CheckBox.swift */,
				CE9713E8255B503E00C8BBDD /* CollectionCell.swift */,
				CE9713EB255B504700C8BBDD /* TableCell.swift */,
				CE9713F1255B522500C8BBDD /* ShimmeringView.swift */,
			);
			path = Views;
			sourceTree = "<group>";
		};
		CE9713BB255B482F00C8BBDD /* Modules */ = {
			isa = PBXGroup;
			children = (
				CE9713C1255B4EDC00C8BBDD /* AppCoordinator.swift */,
				9EEFFB74579607BC3CE1CEBE /* Day */,
				6E977EEDB2E32B654B213B8F /* Calendar */,
			);
			path = Modules;
			sourceTree = "<group>";
		};
		CE9713BD255B4E2800C8BBDD /* Core */ = {
			isa = PBXGroup;
			children = (
				CE9713A5255B206C00C8BBDD /* AppLoader.swift */,
				CE971389255B01A900C8BBDD /* AppDelegate.swift */,
				CE97138B255B01A900C8BBDD /* SceneDelegate.swift */,
				CE9713BE255B4E3100C8BBDD /* Module.swift */,
			);
			path = Core;
			sourceTree = "<group>";
		};
		CE9713C5255B4EFB00C8BBDD /* Extensions */ = {
			isa = PBXGroup;
			children = (
				CE9713C8255B4F1200C8BBDD /* Foundation */,
				CE9713C7255B4F0E00C8BBDD /* UI */,
			);
			path = Extensions;
			sourceTree = "<group>";
		};
		CE9713C7255B4F0E00C8BBDD /* UI */ = {
			isa = PBXGroup;
			children = (
				CEC3BED52566AD0100032E18 /* Diffable.swift */,
				CE9713CA255B4F6A00C8BBDD /* UIButton+Background.swift */,
				CE9713CC255B4F6B00C8BBDD /* UIColor+HEX.swift */,
				CE9713CB255B4F6B00C8BBDD /* UIEdgeInsets+HV.swift */,
				CE9713C9255B4F6A00C8BBDD /* UIFont+StaticFonts.swift */,
				CE9713CD255B4F6B00C8BBDD /* UIImage+Color.swift */,
				CE9713D7255B4FD500C8BBDD /* UICollectionView.swift */,
				CE0B750125645866008DA000 /* UIScrollView+KeyboardAppearance.swift */,
				CE9713D6255B4FD500C8BBDD /* UITableView.swift */,
				CEC3BED12566ACF600032E18 /* UITableView+Diffable.swift */,
				CE9713D8255B4FD500C8BBDD /* UIView+EasyLayout.swift */,
				CE9713D5255B4FD500C8BBDD /* UIView+FirstResponder.swift */,
				CE9713D4255B4FD500C8BBDD /* UIView+ShimmerSubviews.swift */,
				CE680236255B584F00A21A72 /* R Typealias.swift */,
			);
			path = UI;
			sourceTree = "<group>";
		};
		CE9713C8255B4F1200C8BBDD /* Foundation */ = {
			isa = PBXGroup;
			children = (
				CE9713DF255B501800C8BBDD /* Codable.swift */,
				CE9713E0255B501800C8BBDD /* Collection.swift */,
				CE9713E1255B501800C8BBDD /* Date.swift */,
				CE9713E2255B501800C8BBDD /* DateFormatter.swift */,
				CE9713EE255B51F600C8BBDD /* NSObject+ClassName.swift */,
			);
			path = Foundation;
			sourceTree = "<group>";
		};
/* End PBXGroup section */

/* Begin PBXNativeTarget section */
		CE680292255D59A600A21A72 /* TodayTests */ = {
			isa = PBXNativeTarget;
			buildConfigurationList = CE68029C255D59A700A21A72 /* Build configuration list for PBXNativeTarget "TodayTests" */;
			buildPhases = (
				CE68028F255D59A600A21A72 /* Sources */,
				CE680290255D59A600A21A72 /* Frameworks */,
				CE680291255D59A600A21A72 /* Resources */,
			);
			buildRules = (
			);
			dependencies = (
				CE680299255D59A700A21A72 /* PBXTargetDependency */,
			);
			name = TodayTests;
			productName = TodayTests;
			productReference = CE680293255D59A600A21A72 /* TodayTests.xctest */;
			productType = "com.apple.product-type.bundle.unit-test";
		};
		CE971385255B01A900C8BBDD /* Today */ = {
			isa = PBXNativeTarget;
			buildConfigurationList = CE97139A255B01AA00C8BBDD /* Build configuration list for PBXNativeTarget "Today" */;
			buildPhases = (
				40E62350591D389164350F13 /* [CP] Check Pods Manifest.lock */,
				CE9713AA255B404200C8BBDD /* R.swift */,
				CE971382255B01A900C8BBDD /* Sources */,
				CE971383255B01A900C8BBDD /* Frameworks */,
				CE971384255B01A900C8BBDD /* Resources */,
				EE6C6D46EE844E8192A68625 /* [CP] Embed Pods Frameworks */,
			);
			buildRules = (
			);
			dependencies = (
			);
			name = Today;
			productName = Today;
			productReference = CE971386255B01A900C8BBDD /* Today.app */;
			productType = "com.apple.product-type.application";
		};
/* End PBXNativeTarget section */

/* Begin PBXProject section */
		CE97137E255B01A900C8BBDD /* Project object */ = {
			isa = PBXProject;
			attributes = {
				LastSwiftUpdateCheck = 1210;
				LastUpgradeCheck = 1210;
				TargetAttributes = {
					CE680292255D59A600A21A72 = {
						CreatedOnToolsVersion = 12.1;
						TestTargetID = CE971385255B01A900C8BBDD;
					};
					CE971385255B01A900C8BBDD = {
						CreatedOnToolsVersion = 12.1;
					};
				};
			};
			buildConfigurationList = CE971381255B01A900C8BBDD /* Build configuration list for PBXProject "Today" */;
			compatibilityVersion = "Xcode 9.3";
			developmentRegion = en;
			hasScannedForEncodings = 0;
			knownRegions = (
				en,
				Base,
			);
			mainGroup = CE97137D255B01A900C8BBDD;
			productRefGroup = CE971387255B01A900C8BBDD /* Products */;
			projectDirPath = "";
			projectRoot = "";
			targets = (
				CE971385255B01A900C8BBDD /* Today */,
				CE680292255D59A600A21A72 /* TodayTests */,
			);
		};
/* End PBXProject section */

/* Begin PBXResourcesBuildPhase section */
		CE680291255D59A600A21A72 /* Resources */ = {
			isa = PBXResourcesBuildPhase;
			buildActionMask = 2147483647;
			files = (
			);
			runOnlyForDeploymentPostprocessing = 0;
		};
		CE971384255B01A900C8BBDD /* Resources */ = {
			isa = PBXResourcesBuildPhase;
			buildActionMask = 2147483647;
			files = (
				CE9713B1255B40ED00C8BBDD /* Colors.xcassets in Resources */,
				CE971396255B01AA00C8BBDD /* LaunchScreen.storyboard in Resources */,
				CE971393255B01AA00C8BBDD /* Assets.xcassets in Resources */,
			);
			runOnlyForDeploymentPostprocessing = 0;
		};
/* End PBXResourcesBuildPhase section */

/* Begin PBXShellScriptBuildPhase section */
		40E62350591D389164350F13 /* [CP] Check Pods Manifest.lock */ = {
			isa = PBXShellScriptBuildPhase;
			buildActionMask = 2147483647;
			files = (
			);
			inputFileListPaths = (
			);
			inputPaths = (
				"${PODS_PODFILE_DIR_PATH}/Podfile.lock",
				"${PODS_ROOT}/Manifest.lock",
			);
			name = "[CP] Check Pods Manifest.lock";
			outputFileListPaths = (
			);
			outputPaths = (
				"$(DERIVED_FILE_DIR)/Pods-Today-checkManifestLockResult.txt",
			);
			runOnlyForDeploymentPostprocessing = 0;
			shellPath = /bin/sh;
			shellScript = "diff \"${PODS_PODFILE_DIR_PATH}/Podfile.lock\" \"${PODS_ROOT}/Manifest.lock\" > /dev/null\nif [ $? != 0 ] ; then\n    # print error to STDERR\n    echo \"error: The sandbox is not in sync with the Podfile.lock. Run 'pod install' or update your CocoaPods installation.\" >&2\n    exit 1\nfi\n# This output is used by Xcode 'outputs' to avoid re-running this script phase.\necho \"SUCCESS\" > \"${SCRIPT_OUTPUT_FILE_0}\"\n";
			showEnvVarsInLog = 0;
		};
		CE9713AA255B404200C8BBDD /* R.swift */ = {
			isa = PBXShellScriptBuildPhase;
			buildActionMask = 2147483647;
			files = (
			);
			inputFileListPaths = (
			);
			inputPaths = (
				"$TEMP_DIR/rswift-lastrun",
			);
			name = R.swift;
			outputFileListPaths = (
			);
			outputPaths = (
				$SRCROOT/R.generated.swift,
			);
			runOnlyForDeploymentPostprocessing = 0;
			shellPath = /bin/sh;
			shellScript = "\"$PODS_ROOT/R.swift/rswift\" generate \"$SRCROOT/R.generated.swift\"\n";
		};
		EE6C6D46EE844E8192A68625 /* [CP] Embed Pods Frameworks */ = {
			isa = PBXShellScriptBuildPhase;
			buildActionMask = 2147483647;
			files = (
			);
			inputFileListPaths = (
				"${PODS_ROOT}/Target Support Files/Pods-Today/Pods-Today-frameworks-${CONFIGURATION}-input-files.xcfilelist",
			);
			name = "[CP] Embed Pods Frameworks";
			outputFileListPaths = (
				"${PODS_ROOT}/Target Support Files/Pods-Today/Pods-Today-frameworks-${CONFIGURATION}-output-files.xcfilelist",
			);
			runOnlyForDeploymentPostprocessing = 0;
			shellPath = /bin/sh;
			shellScript = "\"${PODS_ROOT}/Target Support Files/Pods-Today/Pods-Today-frameworks.sh\"\n";
			showEnvVarsInLog = 0;
		};
/* End PBXShellScriptBuildPhase section */

/* Begin PBXSourcesBuildPhase section */
		CE68028F255D59A600A21A72 /* Sources */ = {
			isa = PBXSourcesBuildPhase;
			buildActionMask = 2147483647;
			files = (
				CE680296255D59A700A21A72 /* TodayTests.swift in Sources */,
			);
			runOnlyForDeploymentPostprocessing = 0;
		};
		CE971382255B01A900C8BBDD /* Sources */ = {
			isa = PBXSourcesBuildPhase;
			buildActionMask = 2147483647;
			files = (
				CE9713DD255B4FD500C8BBDD /* UIView+EasyLayout.swift in Sources */,
				CE9713F2255B522500C8BBDD /* ShimmeringView.swift in Sources */,
				CE680233255B580D00A21A72 /* R.generated.swift in Sources */,
				CE9713D0255B4F6B00C8BBDD /* UIEdgeInsets+HV.swift in Sources */,
				CE9713E9255B503E00C8BBDD /* CollectionCell.swift in Sources */,
				CE9713EF255B51F600C8BBDD /* NSObject+ClassName.swift in Sources */,
				CE97138A255B01A900C8BBDD /* AppDelegate.swift in Sources */,
				CE9713DA255B4FD500C8BBDD /* UIView+FirstResponder.swift in Sources */,
				CEC3BED22566ACF600032E18 /* UITableView+Diffable.swift in Sources */,
				CE9713E6255B501800C8BBDD /* DateFormatter.swift in Sources */,
				CE9713C2255B4EDC00C8BBDD /* AppCoordinator.swift in Sources */,
				CE9713B6255B45E100C8BBDD /* CheckBox.swift in Sources */,
				CE680237255B584F00A21A72 /* R Typealias.swift in Sources */,
				CE9713E5255B501800C8BBDD /* Date.swift in Sources */,
				CE9713EC255B504700C8BBDD /* TableCell.swift in Sources */,
				CE9713A6255B206C00C8BBDD /* AppLoader.swift in Sources */,
				CE9713D9255B4FD500C8BBDD /* UIView+ShimmerSubviews.swift in Sources */,
				CE9713BF255B4E3100C8BBDD /* Module.swift in Sources */,
				CE9713DC255B4FD500C8BBDD /* UICollectionView.swift in Sources */,
				CE97138C255B01A900C8BBDD /* SceneDelegate.swift in Sources */,
				CE68024E255B5E3200A21A72 /* MatterView.swift in Sources */,
				CE9713CE255B4F6B00C8BBDD /* UIFont+StaticFonts.swift in Sources */,
				CE9713D1255B4F6B00C8BBDD /* UIColor+HEX.swift in Sources */,
				D18D89133F84DC7261FADE04 /* DayAssembler.swift in Sources */,
				CEC3BED62566AD0100032E18 /* Diffable.swift in Sources */,
				CE9713E4255B501800C8BBDD /* Collection.swift in Sources */,
				CE9713E3255B501800C8BBDD /* Codable.swift in Sources */,
				CE9713CF255B4F6B00C8BBDD /* UIButton+Background.swift in Sources */,
				BC02BAA8295E85BF45076C6A /* DayInteractor.swift in Sources */,
				116070312B9DC627DF63F021 /* DayPresenter.swift in Sources */,
				29B3E16D231A273BF253DC88 /* DayVC.swift in Sources */,
				CE9713DB255B4FD500C8BBDD /* UITableView.swift in Sources */,
				1C4E984480C0D897F4F94B90 /* DayViewModel.swift in Sources */,
				CE0B74F82563BDB9008DA000 /* Matter.swift in Sources */,
				CE9713D2255B4F6B00C8BBDD /* UIImage+Color.swift in Sources */,
				CE0B74F42562F700008DA000 /* Matters.xcdatamodeld in Sources */,
				B111D16E713088B3D2457F2B /* CalendarAssembler.swift in Sources */,
				287DE515E57EF61B2ADFFFE9 /* CalendarInteractor.swift in Sources */,
				CE0B750225645866008DA000 /* UIScrollView+KeyboardAppearance.swift in Sources */,
				C72930877D2308C5E95F6CD7 /* CalendarPresenter.swift in Sources */,
				9AA0CFB75BA5C9C76ABFFAC1 /* CalendarVC.swift in Sources */,
				A15C3A786FF007DF83EC1BD9 /* CalendarViewModel.swift in Sources */,
			);
			runOnlyForDeploymentPostprocessing = 0;
		};
/* End PBXSourcesBuildPhase section */

/* Begin PBXTargetDependency section */
		CE680299255D59A700A21A72 /* PBXTargetDependency */ = {
			isa = PBXTargetDependency;
			target = CE971385255B01A900C8BBDD /* Today */;
			targetProxy = CE680298255D59A700A21A72 /* PBXContainerItemProxy */;
		};
/* End PBXTargetDependency section */

/* Begin PBXVariantGroup section */
		CE971394255B01AA00C8BBDD /* LaunchScreen.storyboard */ = {
			isa = PBXVariantGroup;
			children = (
				CE971395255B01AA00C8BBDD /* Base */,
			);
			name = LaunchScreen.storyboard;
			sourceTree = "<group>";
		};
/* End PBXVariantGroup section */

/* Begin XCBuildConfiguration section */
		CE68029A255D59A700A21A72 /* Debug */ = {
			isa = XCBuildConfiguration;
			buildSettings = {
				BUNDLE_LOADER = "$(TEST_HOST)";
				CODE_SIGN_STYLE = Automatic;
				DEVELOPMENT_TEAM = 896BE262HL;
				INFOPLIST_FILE = TodayTests/Info.plist;
				LD_RUNPATH_SEARCH_PATHS = (
					"$(inherited)",
					"@executable_path/Frameworks",
					"@loader_path/Frameworks",
				);
				PRODUCT_BUNDLE_IDENTIFIER = com.SealSoft.TodayTests;
				PRODUCT_NAME = "$(TARGET_NAME)";
				SWIFT_VERSION = 5.0;
				TARGETED_DEVICE_FAMILY = "1,2";
				TEST_HOST = "$(BUILT_PRODUCTS_DIR)/Today.app/Today";
			};
			name = Debug;
		};
		CE68029B255D59A700A21A72 /* Release */ = {
			isa = XCBuildConfiguration;
			buildSettings = {
				BUNDLE_LOADER = "$(TEST_HOST)";
				CODE_SIGN_STYLE = Automatic;
				DEVELOPMENT_TEAM = 896BE262HL;
				INFOPLIST_FILE = TodayTests/Info.plist;
				LD_RUNPATH_SEARCH_PATHS = (
					"$(inherited)",
					"@executable_path/Frameworks",
					"@loader_path/Frameworks",
				);
				PRODUCT_BUNDLE_IDENTIFIER = com.SealSoft.TodayTests;
				PRODUCT_NAME = "$(TARGET_NAME)";
				SWIFT_VERSION = 5.0;
				TARGETED_DEVICE_FAMILY = "1,2";
				TEST_HOST = "$(BUILT_PRODUCTS_DIR)/Today.app/Today";
			};
			name = Release;
		};
		CE971398255B01AA00C8BBDD /* Debug */ = {
			isa = XCBuildConfiguration;
			buildSettings = {
				ALWAYS_SEARCH_USER_PATHS = NO;
				CLANG_ANALYZER_NONNULL = YES;
				CLANG_ANALYZER_NUMBER_OBJECT_CONVERSION = YES_AGGRESSIVE;
				CLANG_CXX_LANGUAGE_STANDARD = "gnu++14";
				CLANG_CXX_LIBRARY = "libc++";
				CLANG_ENABLE_MODULES = YES;
				CLANG_ENABLE_OBJC_ARC = YES;
				CLANG_ENABLE_OBJC_WEAK = YES;
				CLANG_WARN_BLOCK_CAPTURE_AUTORELEASING = YES;
				CLANG_WARN_BOOL_CONVERSION = YES;
				CLANG_WARN_COMMA = YES;
				CLANG_WARN_CONSTANT_CONVERSION = YES;
				CLANG_WARN_DEPRECATED_OBJC_IMPLEMENTATIONS = YES;
				CLANG_WARN_DIRECT_OBJC_ISA_USAGE = YES_ERROR;
				CLANG_WARN_DOCUMENTATION_COMMENTS = YES;
				CLANG_WARN_EMPTY_BODY = YES;
				CLANG_WARN_ENUM_CONVERSION = YES;
				CLANG_WARN_INFINITE_RECURSION = YES;
				CLANG_WARN_INT_CONVERSION = YES;
				CLANG_WARN_NON_LITERAL_NULL_CONVERSION = YES;
				CLANG_WARN_OBJC_IMPLICIT_RETAIN_SELF = YES;
				CLANG_WARN_OBJC_LITERAL_CONVERSION = YES;
				CLANG_WARN_OBJC_ROOT_CLASS = YES_ERROR;
				CLANG_WARN_QUOTED_INCLUDE_IN_FRAMEWORK_HEADER = YES;
				CLANG_WARN_RANGE_LOOP_ANALYSIS = YES;
				CLANG_WARN_STRICT_PROTOTYPES = YES;
				CLANG_WARN_SUSPICIOUS_MOVE = YES;
				CLANG_WARN_UNGUARDED_AVAILABILITY = YES_AGGRESSIVE;
				CLANG_WARN_UNREACHABLE_CODE = YES;
				CLANG_WARN__DUPLICATE_METHOD_MATCH = YES;
				COPY_PHASE_STRIP = NO;
				DEBUG_INFORMATION_FORMAT = dwarf;
				ENABLE_STRICT_OBJC_MSGSEND = YES;
				ENABLE_TESTABILITY = YES;
				GCC_C_LANGUAGE_STANDARD = gnu11;
				GCC_DYNAMIC_NO_PIC = NO;
				GCC_NO_COMMON_BLOCKS = YES;
				GCC_OPTIMIZATION_LEVEL = 0;
				GCC_PREPROCESSOR_DEFINITIONS = (
					"DEBUG=1",
					"$(inherited)",
				);
				GCC_WARN_64_TO_32_BIT_CONVERSION = YES;
				GCC_WARN_ABOUT_RETURN_TYPE = YES_ERROR;
				GCC_WARN_UNDECLARED_SELECTOR = YES;
				GCC_WARN_UNINITIALIZED_AUTOS = YES_AGGRESSIVE;
				GCC_WARN_UNUSED_FUNCTION = YES;
				GCC_WARN_UNUSED_VARIABLE = YES;
				IPHONEOS_DEPLOYMENT_TARGET = 14.1;
				MTL_ENABLE_DEBUG_INFO = INCLUDE_SOURCE;
				MTL_FAST_MATH = YES;
				ONLY_ACTIVE_ARCH = YES;
				SDKROOT = iphoneos;
				SWIFT_ACTIVE_COMPILATION_CONDITIONS = DEBUG;
				SWIFT_OPTIMIZATION_LEVEL = "-Onone";
			};
			name = Debug;
		};
		CE971399255B01AA00C8BBDD /* Release */ = {
			isa = XCBuildConfiguration;
			buildSettings = {
				ALWAYS_SEARCH_USER_PATHS = NO;
				CLANG_ANALYZER_NONNULL = YES;
				CLANG_ANALYZER_NUMBER_OBJECT_CONVERSION = YES_AGGRESSIVE;
				CLANG_CXX_LANGUAGE_STANDARD = "gnu++14";
				CLANG_CXX_LIBRARY = "libc++";
				CLANG_ENABLE_MODULES = YES;
				CLANG_ENABLE_OBJC_ARC = YES;
				CLANG_ENABLE_OBJC_WEAK = YES;
				CLANG_WARN_BLOCK_CAPTURE_AUTORELEASING = YES;
				CLANG_WARN_BOOL_CONVERSION = YES;
				CLANG_WARN_COMMA = YES;
				CLANG_WARN_CONSTANT_CONVERSION = YES;
				CLANG_WARN_DEPRECATED_OBJC_IMPLEMENTATIONS = YES;
				CLANG_WARN_DIRECT_OBJC_ISA_USAGE = YES_ERROR;
				CLANG_WARN_DOCUMENTATION_COMMENTS = YES;
				CLANG_WARN_EMPTY_BODY = YES;
				CLANG_WARN_ENUM_CONVERSION = YES;
				CLANG_WARN_INFINITE_RECURSION = YES;
				CLANG_WARN_INT_CONVERSION = YES;
				CLANG_WARN_NON_LITERAL_NULL_CONVERSION = YES;
				CLANG_WARN_OBJC_IMPLICIT_RETAIN_SELF = YES;
				CLANG_WARN_OBJC_LITERAL_CONVERSION = YES;
				CLANG_WARN_OBJC_ROOT_CLASS = YES_ERROR;
				CLANG_WARN_QUOTED_INCLUDE_IN_FRAMEWORK_HEADER = YES;
				CLANG_WARN_RANGE_LOOP_ANALYSIS = YES;
				CLANG_WARN_STRICT_PROTOTYPES = YES;
				CLANG_WARN_SUSPICIOUS_MOVE = YES;
				CLANG_WARN_UNGUARDED_AVAILABILITY = YES_AGGRESSIVE;
				CLANG_WARN_UNREACHABLE_CODE = YES;
				CLANG_WARN__DUPLICATE_METHOD_MATCH = YES;
				COPY_PHASE_STRIP = NO;
				DEBUG_INFORMATION_FORMAT = "dwarf-with-dsym";
				ENABLE_NS_ASSERTIONS = NO;
				ENABLE_STRICT_OBJC_MSGSEND = YES;
				GCC_C_LANGUAGE_STANDARD = gnu11;
				GCC_NO_COMMON_BLOCKS = YES;
				GCC_WARN_64_TO_32_BIT_CONVERSION = YES;
				GCC_WARN_ABOUT_RETURN_TYPE = YES_ERROR;
				GCC_WARN_UNDECLARED_SELECTOR = YES;
				GCC_WARN_UNINITIALIZED_AUTOS = YES_AGGRESSIVE;
				GCC_WARN_UNUSED_FUNCTION = YES;
				GCC_WARN_UNUSED_VARIABLE = YES;
				IPHONEOS_DEPLOYMENT_TARGET = 14.1;
				MTL_ENABLE_DEBUG_INFO = NO;
				MTL_FAST_MATH = YES;
				SDKROOT = iphoneos;
				SWIFT_COMPILATION_MODE = wholemodule;
				SWIFT_OPTIMIZATION_LEVEL = "-O";
				VALIDATE_PRODUCT = YES;
			};
			name = Release;
		};
		CE97139B255B01AA00C8BBDD /* Debug */ = {
			isa = XCBuildConfiguration;
			baseConfigurationReference = A558BA78C13E3A4A75DBD0A9 /* Pods-Today.debug.xcconfig */;
			buildSettings = {
				ASSETCATALOG_COMPILER_APPICON_NAME = AppIcon;
				ASSETCATALOG_COMPILER_GLOBAL_ACCENT_COLOR_NAME = AccentColor;
				CODE_SIGN_ENTITLEMENTS = Today/Today.entitlements;
				CODE_SIGN_STYLE = Automatic;
				CURRENT_PROJECT_VERSION = 4;
				DEVELOPMENT_TEAM = YPJZ96LM2V;
				INFOPLIST_FILE = Resources/Info.plist;
				IPHONEOS_DEPLOYMENT_TARGET = 13.6;
				LD_RUNPATH_SEARCH_PATHS = (
					"$(inherited)",
					"@executable_path/Frameworks",
				);
				MARKETING_VERSION = 0.0.1;
				PRODUCT_BUNDLE_IDENTIFIER = "com.SealSoft.Today-App";
				PRODUCT_NAME = "$(TARGET_NAME)";
				SUPPORTS_MACCATALYST = YES;
				SWIFT_VERSION = 5.0;
				TARGETED_DEVICE_FAMILY = "1,2";
			};
			name = Debug;
		};
		CE97139C255B01AA00C8BBDD /* Release */ = {
			isa = XCBuildConfiguration;
			baseConfigurationReference = 418DD5A9C2E03DBA3F8CE6C7 /* Pods-Today.release.xcconfig */;
			buildSettings = {
				ASSETCATALOG_COMPILER_APPICON_NAME = AppIcon;
				ASSETCATALOG_COMPILER_GLOBAL_ACCENT_COLOR_NAME = AccentColor;
				CODE_SIGN_ENTITLEMENTS = Today/Today.entitlements;
				CODE_SIGN_STYLE = Automatic;
				CURRENT_PROJECT_VERSION = 4;
				DEVELOPMENT_TEAM = YPJZ96LM2V;
				INFOPLIST_FILE = Resources/Info.plist;
				IPHONEOS_DEPLOYMENT_TARGET = 13.6;
				LD_RUNPATH_SEARCH_PATHS = (
					"$(inherited)",
					"@executable_path/Frameworks",
				);
				MARKETING_VERSION = 0.0.1;
				PRODUCT_BUNDLE_IDENTIFIER = "com.SealSoft.Today-App";
				PRODUCT_NAME = "$(TARGET_NAME)";
				SUPPORTS_MACCATALYST = YES;
				SWIFT_VERSION = 5.0;
				TARGETED_DEVICE_FAMILY = "1,2";
			};
			name = Release;
		};
/* End XCBuildConfiguration section */

/* Begin XCConfigurationList section */
		CE68029C255D59A700A21A72 /* Build configuration list for PBXNativeTarget "TodayTests" */ = {
			isa = XCConfigurationList;
			buildConfigurations = (
				CE68029A255D59A700A21A72 /* Debug */,
				CE68029B255D59A700A21A72 /* Release */,
			);
			defaultConfigurationIsVisible = 0;
			defaultConfigurationName = Release;
		};
		CE971381255B01A900C8BBDD /* Build configuration list for PBXProject "Today" */ = {
			isa = XCConfigurationList;
			buildConfigurations = (
				CE971398255B01AA00C8BBDD /* Debug */,
				CE971399255B01AA00C8BBDD /* Release */,
			);
			defaultConfigurationIsVisible = 0;
			defaultConfigurationName = Release;
		};
		CE97139A255B01AA00C8BBDD /* Build configuration list for PBXNativeTarget "Today" */ = {
			isa = XCConfigurationList;
			buildConfigurations = (
				CE97139B255B01AA00C8BBDD /* Debug */,
				CE97139C255B01AA00C8BBDD /* Release */,
			);
			defaultConfigurationIsVisible = 0;
			defaultConfigurationName = Release;
		};
/* End XCConfigurationList section */

/* Begin XCVersionGroup section */
		CE0B74F22562F700008DA000 /* Matters.xcdatamodeld */ = {
			isa = XCVersionGroup;
			children = (
				CE0B74F32562F700008DA000 /* Matters.xcdatamodel */,
			);
			currentVersion = CE0B74F32562F700008DA000 /* Matters.xcdatamodel */;
			path = Matters.xcdatamodeld;
			sourceTree = "<group>";
			versionGroupType = wrapper.xcdatamodel;
		};
/* End XCVersionGroup section */
	};
	rootObject = CE97137E255B01A900C8BBDD /* Project object */;
}
