// !$*UTF8*$!
{
	archiveVersion = 1;
	classes = {
	};
	objectVersion = 51;
	objects = {

/* Begin PBXBuildFile section */
		93083D70536FBBC364FE0456 /* Pods_Today.framework in Frameworks */ = {isa = PBXBuildFile; fileRef = D7542CDBD09FE249B609E6EE /* Pods_Today.framework */; };
		CE97138A255B01A900C8BBDD /* AppDelegate.swift in Sources */ = {isa = PBXBuildFile; fileRef = CE971389255B01A900C8BBDD /* AppDelegate.swift */; };
		CE97138C255B01A900C8BBDD /* SceneDelegate.swift in Sources */ = {isa = PBXBuildFile; fileRef = CE97138B255B01A900C8BBDD /* SceneDelegate.swift */; };
		CE97138E255B01A900C8BBDD /* ViewController.swift in Sources */ = {isa = PBXBuildFile; fileRef = CE97138D255B01A900C8BBDD /* ViewController.swift */; };
		CE971393255B01AA00C8BBDD /* Assets.xcassets in Resources */ = {isa = PBXBuildFile; fileRef = CE971392255B01AA00C8BBDD /* Assets.xcassets */; };
		CE971396255B01AA00C8BBDD /* LaunchScreen.storyboard in Resources */ = {isa = PBXBuildFile; fileRef = CE971394255B01AA00C8BBDD /* LaunchScreen.storyboard */; };
		CE9713A6255B206C00C8BBDD /* AppLoader.swift in Sources */ = {isa = PBXBuildFile; fileRef = CE9713A5255B206C00C8BBDD /* AppLoader.swift */; };
		CE9713AD255B40A900C8BBDD /* R.generated.swift in Sources */ = {isa = PBXBuildFile; fileRef = CE9713AC255B40A900C8BBDD /* R.generated.swift */; };
		CE9713B1255B40ED00C8BBDD /* Colors.xcassets in Resources */ = {isa = PBXBuildFile; fileRef = CE9713B0255B40ED00C8BBDD /* Colors.xcassets */; };
		CE9713B6255B45E100C8BBDD /* CheckBox.swift in Sources */ = {isa = PBXBuildFile; fileRef = CE9713B5255B45E100C8BBDD /* CheckBox.swift */; };
/* End PBXBuildFile section */

/* Begin PBXFileReference section */
		418DD5A9C2E03DBA3F8CE6C7 /* Pods-Today.release.xcconfig */ = {isa = PBXFileReference; includeInIndex = 1; lastKnownFileType = text.xcconfig; name = "Pods-Today.release.xcconfig"; path = "Target Support Files/Pods-Today/Pods-Today.release.xcconfig"; sourceTree = "<group>"; };
		A558BA78C13E3A4A75DBD0A9 /* Pods-Today.debug.xcconfig */ = {isa = PBXFileReference; includeInIndex = 1; lastKnownFileType = text.xcconfig; name = "Pods-Today.debug.xcconfig"; path = "Target Support Files/Pods-Today/Pods-Today.debug.xcconfig"; sourceTree = "<group>"; };
		CE971386255B01A900C8BBDD /* Today.app */ = {isa = PBXFileReference; explicitFileType = wrapper.application; includeInIndex = 0; path = Today.app; sourceTree = BUILT_PRODUCTS_DIR; };
		CE971389255B01A900C8BBDD /* AppDelegate.swift */ = {isa = PBXFileReference; lastKnownFileType = sourcecode.swift; path = AppDelegate.swift; sourceTree = "<group>"; };
		CE97138B255B01A900C8BBDD /* SceneDelegate.swift */ = {isa = PBXFileReference; lastKnownFileType = sourcecode.swift; path = SceneDelegate.swift; sourceTree = "<group>"; };
		CE97138D255B01A900C8BBDD /* ViewController.swift */ = {isa = PBXFileReference; lastKnownFileType = sourcecode.swift; path = ViewController.swift; sourceTree = "<group>"; };
		CE971392255B01AA00C8BBDD /* Assets.xcassets */ = {isa = PBXFileReference; lastKnownFileType = folder.assetcatalog; path = Assets.xcassets; sourceTree = "<group>"; };
		CE971395255B01AA00C8BBDD /* Base */ = {isa = PBXFileReference; lastKnownFileType = file.storyboard; name = Base; path = Base.lproj/LaunchScreen.storyboard; sourceTree = "<group>"; };
		CE971397255B01AA00C8BBDD /* Info.plist */ = {isa = PBXFileReference; lastKnownFileType = text.plist.xml; path = Info.plist; sourceTree = "<group>"; };
		CE9713A3255B1F8B00C8BBDD /* Today.entitlements */ = {isa = PBXFileReference; lastKnownFileType = text.plist.entitlements; path = Today.entitlements; sourceTree = "<group>"; };
		CE9713A5255B206C00C8BBDD /* AppLoader.swift */ = {isa = PBXFileReference; fileEncoding = 4; lastKnownFileType = sourcecode.swift; path = AppLoader.swift; sourceTree = "<group>"; };
		CE9713AC255B40A900C8BBDD /* R.generated.swift */ = {isa = PBXFileReference; fileEncoding = 4; lastKnownFileType = sourcecode.swift; name = R.generated.swift; path = Resources/R.generated.swift; sourceTree = SOURCE_ROOT; };
		CE9713B0255B40ED00C8BBDD /* Colors.xcassets */ = {isa = PBXFileReference; lastKnownFileType = folder.assetcatalog; path = Colors.xcassets; sourceTree = "<group>"; };
		CE9713B5255B45E100C8BBDD /* CheckBox.swift */ = {isa = PBXFileReference; lastKnownFileType = sourcecode.swift; path = CheckBox.swift; sourceTree = "<group>"; };
		D7542CDBD09FE249B609E6EE /* Pods_Today.framework */ = {isa = PBXFileReference; explicitFileType = wrapper.framework; includeInIndex = 0; path = Pods_Today.framework; sourceTree = BUILT_PRODUCTS_DIR; };
/* End PBXFileReference section */

/* Begin PBXFrameworksBuildPhase section */
		CE971383255B01A900C8BBDD /* Frameworks */ = {
			isa = PBXFrameworksBuildPhase;
			buildActionMask = 2147483647;
			files = (
				93083D70536FBBC364FE0456 /* Pods_Today.framework in Frameworks */,
			);
			runOnlyForDeploymentPostprocessing = 0;
		};
/* End PBXFrameworksBuildPhase section */

/* Begin PBXGroup section */
		37BCF2510638F6A977C6A2F5 /* Pods */ = {
			isa = PBXGroup;
			children = (
				A558BA78C13E3A4A75DBD0A9 /* Pods-Today.debug.xcconfig */,
				418DD5A9C2E03DBA3F8CE6C7 /* Pods-Today.release.xcconfig */,
			);
			path = Pods;
			sourceTree = "<group>";
		};
		A177525F654B0B019B59441A /* Frameworks */ = {
			isa = PBXGroup;
			children = (
				D7542CDBD09FE249B609E6EE /* Pods_Today.framework */,
			);
			name = Frameworks;
			sourceTree = "<group>";
		};
		CE97137D255B01A900C8BBDD = {
			isa = PBXGroup;
			children = (
				CE971388255B01A900C8BBDD /* Today */,
				CE9713AF255B40B300C8BBDD /* Resources */,
				CE971387255B01A900C8BBDD /* Products */,
				37BCF2510638F6A977C6A2F5 /* Pods */,
				A177525F654B0B019B59441A /* Frameworks */,
			);
			sourceTree = "<group>";
		};
		CE971387255B01A900C8BBDD /* Products */ = {
			isa = PBXGroup;
			children = (
				CE971386255B01A900C8BBDD /* Today.app */,
			);
			name = Products;
			sourceTree = "<group>";
		};
		CE971388255B01A900C8BBDD /* Today */ = {
			isa = PBXGroup;
			children = (
				CE9713B4255B45C000C8BBDD /* Views */,
				CE9713BB255B482F00C8BBDD /* Modules */,
				CE9713A3255B1F8B00C8BBDD /* Today.entitlements */,
				CE971389255B01A900C8BBDD /* AppDelegate.swift */,
				CE9713A5255B206C00C8BBDD /* AppLoader.swift */,
				CE97138B255B01A900C8BBDD /* SceneDelegate.swift */,
				CE97138D255B01A900C8BBDD /* ViewController.swift */,
			);
			path = Today;
			sourceTree = "<group>";
		};
		CE9713AF255B40B300C8BBDD /* Resources */ = {
			isa = PBXGroup;
			children = (
				CE971397255B01AA00C8BBDD /* Info.plist */,
				CE9713AC255B40A900C8BBDD /* R.generated.swift */,
				CE971392255B01AA00C8BBDD /* Assets.xcassets */,
				CE9713B0255B40ED00C8BBDD /* Colors.xcassets */,
				CE971394255B01AA00C8BBDD /* LaunchScreen.storyboard */,
			);
			path = Resources;
			sourceTree = "<group>";
		};
		CE9713B4255B45C000C8BBDD /* Views */ = {
			isa = PBXGroup;
			children = (
				CE9713B5255B45E100C8BBDD /* CheckBox.swift */,
			);
			path = Views;
			sourceTree = "<group>";
		};
		CE9713BB255B482F00C8BBDD /* Modules */ = {
			isa = PBXGroup;
			children = (
			);
			path = Modules;
			sourceTree = "<group>";
		};
/* End PBXGroup section */

/* Begin PBXNativeTarget section */
		CE971385255B01A900C8BBDD /* Today */ = {
			isa = PBXNativeTarget;
			buildConfigurationList = CE97139A255B01AA00C8BBDD /* Build configuration list for PBXNativeTarget "Today" */;
			buildPhases = (
				40E62350591D389164350F13 /* [CP] Check Pods Manifest.lock */,
				CE9713AA255B404200C8BBDD /* R.swift */,
				CE971382255B01A900C8BBDD /* Sources */,
				CE971383255B01A900C8BBDD /* Frameworks */,
				CE971384255B01A900C8BBDD /* Resources */,
				EE6C6D46EE844E8192A68625 /* [CP] Embed Pods Frameworks */,
			);
			buildRules = (
			);
			dependencies = (
			);
			name = Today;
			productName = Today;
			productReference = CE971386255B01A900C8BBDD /* Today.app */;
			productType = "com.apple.product-type.application";
		};
/* End PBXNativeTarget section */

/* Begin PBXProject section */
		CE97137E255B01A900C8BBDD /* Project object */ = {
			isa = PBXProject;
			attributes = {
				LastSwiftUpdateCheck = 1210;
				LastUpgradeCheck = 1210;
				TargetAttributes = {
					CE971385255B01A900C8BBDD = {
						CreatedOnToolsVersion = 12.1;
					};
				};
			};
			buildConfigurationList = CE971381255B01A900C8BBDD /* Build configuration list for PBXProject "Today" */;
			compatibilityVersion = "Xcode 9.3";
			developmentRegion = en;
			hasScannedForEncodings = 0;
			knownRegions = (
				en,
				Base,
			);
			mainGroup = CE97137D255B01A900C8BBDD;
			productRefGroup = CE971387255B01A900C8BBDD /* Products */;
			projectDirPath = "";
			projectRoot = "";
			targets = (
				CE971385255B01A900C8BBDD /* Today */,
			);
		};
/* End PBXProject section */

/* Begin PBXResourcesBuildPhase section */
		CE971384255B01A900C8BBDD /* Resources */ = {
			isa = PBXResourcesBuildPhase;
			buildActionMask = 2147483647;
			files = (
				CE9713B1255B40ED00C8BBDD /* Colors.xcassets in Resources */,
				CE971396255B01AA00C8BBDD /* LaunchScreen.storyboard in Resources */,
				CE971393255B01AA00C8BBDD /* Assets.xcassets in Resources */,
			);
			runOnlyForDeploymentPostprocessing = 0;
		};
/* End PBXResourcesBuildPhase section */

/* Begin PBXShellScriptBuildPhase section */
		40E62350591D389164350F13 /* [CP] Check Pods Manifest.lock */ = {
			isa = PBXShellScriptBuildPhase;
			buildActionMask = 2147483647;
			files = (
			);
			inputFileListPaths = (
			);
			inputPaths = (
				"${PODS_PODFILE_DIR_PATH}/Podfile.lock",
				"${PODS_ROOT}/Manifest.lock",
			);
			name = "[CP] Check Pods Manifest.lock";
			outputFileListPaths = (
			);
			outputPaths = (
				"$(DERIVED_FILE_DIR)/Pods-Today-checkManifestLockResult.txt",
			);
			runOnlyForDeploymentPostprocessing = 0;
			shellPath = /bin/sh;
			shellScript = "diff \"${PODS_PODFILE_DIR_PATH}/Podfile.lock\" \"${PODS_ROOT}/Manifest.lock\" > /dev/null\nif [ $? != 0 ] ; then\n    # print error to STDERR\n    echo \"error: The sandbox is not in sync with the Podfile.lock. Run 'pod install' or update your CocoaPods installation.\" >&2\n    exit 1\nfi\n# This output is used by Xcode 'outputs' to avoid re-running this script phase.\necho \"SUCCESS\" > \"${SCRIPT_OUTPUT_FILE_0}\"\n";
			showEnvVarsInLog = 0;
		};
		CE9713AA255B404200C8BBDD /* R.swift */ = {
			isa = PBXShellScriptBuildPhase;
			buildActionMask = 2147483647;
			files = (
			);
			inputFileListPaths = (
			);
			inputPaths = (
				"$TEMP_DIR/rswift-lastrun",
			);
			name = R.swift;
			outputFileListPaths = (
			);
			outputPaths = (
				$SRCROOT/R.generated.swift,
			);
			runOnlyForDeploymentPostprocessing = 0;
			shellPath = /bin/sh;
			shellScript = "\"$PODS_ROOT/R.swift/rswift\" generate \"$SRCROOT/R.generated.swift\"\n";
		};
		EE6C6D46EE844E8192A68625 /* [CP] Embed Pods Frameworks */ = {
			isa = PBXShellScriptBuildPhase;
			buildActionMask = 2147483647;
			files = (
			);
			inputFileListPaths = (
				"${PODS_ROOT}/Target Support Files/Pods-Today/Pods-Today-frameworks-${CONFIGURATION}-input-files.xcfilelist",
			);
			name = "[CP] Embed Pods Frameworks";
			outputFileListPaths = (
				"${PODS_ROOT}/Target Support Files/Pods-Today/Pods-Today-frameworks-${CONFIGURATION}-output-files.xcfilelist",
			);
			runOnlyForDeploymentPostprocessing = 0;
			shellPath = /bin/sh;
			shellScript = "\"${PODS_ROOT}/Target Support Files/Pods-Today/Pods-Today-frameworks.sh\"\n";
			showEnvVarsInLog = 0;
		};
/* End PBXShellScriptBuildPhase section */

/* Begin PBXSourcesBuildPhase section */
		CE971382255B01A900C8BBDD /* Sources */ = {
			isa = PBXSourcesBuildPhase;
			buildActionMask = 2147483647;
			files = (
				CE97138E255B01A900C8BBDD /* ViewController.swift in Sources */,
				CE97138A255B01A900C8BBDD /* AppDelegate.swift in Sources */,
				CE9713B6255B45E100C8BBDD /* CheckBox.swift in Sources */,
				CE9713AD255B40A900C8BBDD /* R.generated.swift in Sources */,
				CE9713A6255B206C00C8BBDD /* AppLoader.swift in Sources */,
				CE97138C255B01A900C8BBDD /* SceneDelegate.swift in Sources */,
			);
			runOnlyForDeploymentPostprocessing = 0;
		};
/* End PBXSourcesBuildPhase section */

/* Begin PBXVariantGroup section */
		CE971394255B01AA00C8BBDD /* LaunchScreen.storyboard */ = {
			isa = PBXVariantGroup;
			children = (
				CE971395255B01AA00C8BBDD /* Base */,
			);
			name = LaunchScreen.storyboard;
			sourceTree = "<group>";
		};
/* End PBXVariantGroup section */

/* Begin XCBuildConfiguration section */
		CE971398255B01AA00C8BBDD /* Debug */ = {
			isa = XCBuildConfiguration;
			buildSettings = {
				ALWAYS_SEARCH_USER_PATHS = NO;
				CLANG_ANALYZER_NONNULL = YES;
				CLANG_ANALYZER_NUMBER_OBJECT_CONVERSION = YES_AGGRESSIVE;
				CLANG_CXX_LANGUAGE_STANDARD = "gnu++14";
				CLANG_CXX_LIBRARY = "libc++";
				CLANG_ENABLE_MODULES = YES;
				CLANG_ENABLE_OBJC_ARC = YES;
				CLANG_ENABLE_OBJC_WEAK = YES;
				CLANG_WARN_BLOCK_CAPTURE_AUTORELEASING = YES;
				CLANG_WARN_BOOL_CONVERSION = YES;
				CLANG_WARN_COMMA = YES;
				CLANG_WARN_CONSTANT_CONVERSION = YES;
				CLANG_WARN_DEPRECATED_OBJC_IMPLEMENTATIONS = YES;
				CLANG_WARN_DIRECT_OBJC_ISA_USAGE = YES_ERROR;
				CLANG_WARN_DOCUMENTATION_COMMENTS = YES;
				CLANG_WARN_EMPTY_BODY = YES;
				CLANG_WARN_ENUM_CONVERSION = YES;
				CLANG_WARN_INFINITE_RECURSION = YES;
				CLANG_WARN_INT_CONVERSION = YES;
				CLANG_WARN_NON_LITERAL_NULL_CONVERSION = YES;
				CLANG_WARN_OBJC_IMPLICIT_RETAIN_SELF = YES;
				CLANG_WARN_OBJC_LITERAL_CONVERSION = YES;
				CLANG_WARN_OBJC_ROOT_CLASS = YES_ERROR;
				CLANG_WARN_QUOTED_INCLUDE_IN_FRAMEWORK_HEADER = YES;
				CLANG_WARN_RANGE_LOOP_ANALYSIS = YES;
				CLANG_WARN_STRICT_PROTOTYPES = YES;
				CLANG_WARN_SUSPICIOUS_MOVE = YES;
				CLANG_WARN_UNGUARDED_AVAILABILITY = YES_AGGRESSIVE;
				CLANG_WARN_UNREACHABLE_CODE = YES;
				CLANG_WARN__DUPLICATE_METHOD_MATCH = YES;
				COPY_PHASE_STRIP = NO;
				DEBUG_INFORMATION_FORMAT = dwarf;
				ENABLE_STRICT_OBJC_MSGSEND = YES;
				ENABLE_TESTABILITY = YES;
				GCC_C_LANGUAGE_STANDARD = gnu11;
				GCC_DYNAMIC_NO_PIC = NO;
				GCC_NO_COMMON_BLOCKS = YES;
				GCC_OPTIMIZATION_LEVEL = 0;
				GCC_PREPROCESSOR_DEFINITIONS = (
					"DEBUG=1",
					"$(inherited)",
				);
				GCC_WARN_64_TO_32_BIT_CONVERSION = YES;
				GCC_WARN_ABOUT_RETURN_TYPE = YES_ERROR;
				GCC_WARN_UNDECLARED_SELECTOR = YES;
				GCC_WARN_UNINITIALIZED_AUTOS = YES_AGGRESSIVE;
				GCC_WARN_UNUSED_FUNCTION = YES;
				GCC_WARN_UNUSED_VARIABLE = YES;
				IPHONEOS_DEPLOYMENT_TARGET = 14.1;
				MTL_ENABLE_DEBUG_INFO = INCLUDE_SOURCE;
				MTL_FAST_MATH = YES;
				ONLY_ACTIVE_ARCH = YES;
				SDKROOT = iphoneos;
				SWIFT_ACTIVE_COMPILATION_CONDITIONS = DEBUG;
				SWIFT_OPTIMIZATION_LEVEL = "-Onone";
			};
			name = Debug;
		};
		CE971399255B01AA00C8BBDD /* Release */ = {
			isa = XCBuildConfiguration;
			buildSettings = {
				ALWAYS_SEARCH_USER_PATHS = NO;
				CLANG_ANALYZER_NONNULL = YES;
				CLANG_ANALYZER_NUMBER_OBJECT_CONVERSION = YES_AGGRESSIVE;
				CLANG_CXX_LANGUAGE_STANDARD = "gnu++14";
				CLANG_CXX_LIBRARY = "libc++";
				CLANG_ENABLE_MODULES = YES;
				CLANG_ENABLE_OBJC_ARC = YES;
				CLANG_ENABLE_OBJC_WEAK = YES;
				CLANG_WARN_BLOCK_CAPTURE_AUTORELEASING = YES;
				CLANG_WARN_BOOL_CONVERSION = YES;
				CLANG_WARN_COMMA = YES;
				CLANG_WARN_CONSTANT_CONVERSION = YES;
				CLANG_WARN_DEPRECATED_OBJC_IMPLEMENTATIONS = YES;
				CLANG_WARN_DIRECT_OBJC_ISA_USAGE = YES_ERROR;
				CLANG_WARN_DOCUMENTATION_COMMENTS = YES;
				CLANG_WARN_EMPTY_BODY = YES;
				CLANG_WARN_ENUM_CONVERSION = YES;
				CLANG_WARN_INFINITE_RECURSION = YES;
				CLANG_WARN_INT_CONVERSION = YES;
				CLANG_WARN_NON_LITERAL_NULL_CONVERSION = YES;
				CLANG_WARN_OBJC_IMPLICIT_RETAIN_SELF = YES;
				CLANG_WARN_OBJC_LITERAL_CONVERSION = YES;
				CLANG_WARN_OBJC_ROOT_CLASS = YES_ERROR;
				CLANG_WARN_QUOTED_INCLUDE_IN_FRAMEWORK_HEADER = YES;
				CLANG_WARN_RANGE_LOOP_ANALYSIS = YES;
				CLANG_WARN_STRICT_PROTOTYPES = YES;
				CLANG_WARN_SUSPICIOUS_MOVE = YES;
				CLANG_WARN_UNGUARDED_AVAILABILITY = YES_AGGRESSIVE;
				CLANG_WARN_UNREACHABLE_CODE = YES;
				CLANG_WARN__DUPLICATE_METHOD_MATCH = YES;
				COPY_PHASE_STRIP = NO;
				DEBUG_INFORMATION_FORMAT = "dwarf-with-dsym";
				ENABLE_NS_ASSERTIONS = NO;
				ENABLE_STRICT_OBJC_MSGSEND = YES;
				GCC_C_LANGUAGE_STANDARD = gnu11;
				GCC_NO_COMMON_BLOCKS = YES;
				GCC_WARN_64_TO_32_BIT_CONVERSION = YES;
				GCC_WARN_ABOUT_RETURN_TYPE = YES_ERROR;
				GCC_WARN_UNDECLARED_SELECTOR = YES;
				GCC_WARN_UNINITIALIZED_AUTOS = YES_AGGRESSIVE;
				GCC_WARN_UNUSED_FUNCTION = YES;
				GCC_WARN_UNUSED_VARIABLE = YES;
				IPHONEOS_DEPLOYMENT_TARGET = 14.1;
				MTL_ENABLE_DEBUG_INFO = NO;
				MTL_FAST_MATH = YES;
				SDKROOT = iphoneos;
				SWIFT_COMPILATION_MODE = wholemodule;
				SWIFT_OPTIMIZATION_LEVEL = "-O";
				VALIDATE_PRODUCT = YES;
			};
			name = Release;
		};
		CE97139B255B01AA00C8BBDD /* Debug */ = {
			isa = XCBuildConfiguration;
			baseConfigurationReference = A558BA78C13E3A4A75DBD0A9 /* Pods-Today.debug.xcconfig */;
			buildSettings = {
				ASSETCATALOG_COMPILER_APPICON_NAME = AppIcon;
				ASSETCATALOG_COMPILER_GLOBAL_ACCENT_COLOR_NAME = AccentColor;
				CODE_SIGN_ENTITLEMENTS = Today/Today.entitlements;
				CODE_SIGN_STYLE = Automatic;
				DEVELOPMENT_TEAM = 896BE262HL;
				INFOPLIST_FILE = Resources/Info.plist;
				IPHONEOS_DEPLOYMENT_TARGET = 13.6;
				LD_RUNPATH_SEARCH_PATHS = (
					"$(inherited)",
					"@executable_path/Frameworks",
				);
				PRODUCT_BUNDLE_IDENTIFIER = com.SealSoft.Today;
				PRODUCT_NAME = "$(TARGET_NAME)";
				SUPPORTS_MACCATALYST = YES;
				SWIFT_VERSION = 5.0;
				TARGETED_DEVICE_FAMILY = "1,2";
			};
			name = Debug;
		};
		CE97139C255B01AA00C8BBDD /* Release */ = {
			isa = XCBuildConfiguration;
			baseConfigurationReference = 418DD5A9C2E03DBA3F8CE6C7 /* Pods-Today.release.xcconfig */;
			buildSettings = {
				ASSETCATALOG_COMPILER_APPICON_NAME = AppIcon;
				ASSETCATALOG_COMPILER_GLOBAL_ACCENT_COLOR_NAME = AccentColor;
				CODE_SIGN_ENTITLEMENTS = Today/Today.entitlements;
				CODE_SIGN_STYLE = Automatic;
				DEVELOPMENT_TEAM = 896BE262HL;
				INFOPLIST_FILE = Resources/Info.plist;
				IPHONEOS_DEPLOYMENT_TARGET = 13.6;
				LD_RUNPATH_SEARCH_PATHS = (
					"$(inherited)",
					"@executable_path/Frameworks",
				);
				PRODUCT_BUNDLE_IDENTIFIER = com.SealSoft.Today;
				PRODUCT_NAME = "$(TARGET_NAME)";
				SUPPORTS_MACCATALYST = YES;
				SWIFT_VERSION = 5.0;
				TARGETED_DEVICE_FAMILY = "1,2";
			};
			name = Release;
		};
/* End XCBuildConfiguration section */

/* Begin XCConfigurationList section */
		CE971381255B01A900C8BBDD /* Build configuration list for PBXProject "Today" */ = {
			isa = XCConfigurationList;
			buildConfigurations = (
				CE971398255B01AA00C8BBDD /* Debug */,
				CE971399255B01AA00C8BBDD /* Release */,
			);
			defaultConfigurationIsVisible = 0;
			defaultConfigurationName = Release;
		};
		CE97139A255B01AA00C8BBDD /* Build configuration list for PBXNativeTarget "Today" */ = {
			isa = XCConfigurationList;
			buildConfigurations = (
				CE97139B255B01AA00C8BBDD /* Debug */,
				CE97139C255B01AA00C8BBDD /* Release */,
			);
			defaultConfigurationIsVisible = 0;
			defaultConfigurationName = Release;
		};
/* End XCConfigurationList section */
	};
	rootObject = CE97137E255B01A900C8BBDD /* Project object */;
}
